
Microsoft Visual Studio Solution File, Format Version 12.00
# Visual Studio Version 17
VisualStudioVersion = 17.7.34024.191
MinimumVisualStudioVersion = 10.0.40219.1
Project("{FAE04EC0-301F-11D3-BF4B-00C04F79EFBC}") = "JediMindTricks", "JediMindTricks\JediMindTricks.csproj", "{4BCA0B94-451C-44BE-AECA-AA09D6746547}"
EndProject
Global
	GlobalSection(SolutionConfigurationPlatforms) = preSolution
		Debug|Any CPU = Debug|Any CPU
		Release|Any CPU = Release|Any CPU
	EndGlobalSection
	GlobalSection(ProjectConfigurationPlatforms) = postSolution
		{4BCA0B94-451C-44BE-AECA-AA09D6746547}.Debug|Any CPU.ActiveCfg = Debug|Any CPU
		{4BCA0B94-451C-44BE-AECA-AA09D6746547}.Debug|Any CPU.Build.0 = Debug|Any CPU
		{4BCA0B94-451C-44BE-AECA-AA09D6746547}.Release|Any CPU.ActiveCfg = Release|Any CPU
		{4BCA0B94-451C-44BE-AECA-AA09D6746547}.Release|Any CPU.Build.0 = Release|Any CPU
	EndGlobalSection
	GlobalSection(SolutionProperties) = preSolution
		HideSolutionNode = FALSE
	EndGlobalSection
	GlobalSection(ExtensibilityGlobals) = postSolution
		SolutionGuid = {6D32C394-3ECD-4E3E-9F01-3E4AE9B00D38}
	EndGlobalSection
EndGlobal
